// !$*UTF8*$!
{
	archiveVersion = 1;
	classes = {
	};
	objectVersion = 50;
	objects = {

/* Begin PBXBuildFile section */
		71440E9A239E3D6D00568A84 /* AppDelegate.swift in Sources */ = {isa = PBXBuildFile; fileRef = 71440E99239E3D6D00568A84 /* AppDelegate.swift */; };
		71440E9C239E3D6D00568A84 /* SceneDelegate.swift in Sources */ = {isa = PBXBuildFile; fileRef = 71440E9B239E3D6D00568A84 /* SceneDelegate.swift */; };
		71440EA1239E3D6D00568A84 /* Main.storyboard in Resources */ = {isa = PBXBuildFile; fileRef = 71440E9F239E3D6D00568A84 /* Main.storyboard */; };
		71440EA3239E3D6D00568A84 /* Assets.xcassets in Resources */ = {isa = PBXBuildFile; fileRef = 71440EA2239E3D6D00568A84 /* Assets.xcassets */; };
		71440EA6239E3D6D00568A84 /* LaunchScreen.storyboard in Resources */ = {isa = PBXBuildFile; fileRef = 71440EA4239E3D6D00568A84 /* LaunchScreen.storyboard */; };
		71440EAE239E407600568A84 /* MainViewController.swift in Sources */ = {isa = PBXBuildFile; fileRef = 71440EAD239E407600568A84 /* MainViewController.swift */; };
/* End PBXBuildFile section */

/* Begin PBXFileReference section */
		71440E96239E3D6D00568A84 /* Pick Food.app */ = {isa = PBXFileReference; explicitFileType = wrapper.application; includeInIndex = 0; path = "Pick Food.app"; sourceTree = BUILT_PRODUCTS_DIR; };
		71440E99239E3D6D00568A84 /* AppDelegate.swift */ = {isa = PBXFileReference; lastKnownFileType = sourcecode.swift; path = AppDelegate.swift; sourceTree = "<group>"; };
		71440E9B239E3D6D00568A84 /* SceneDelegate.swift */ = {isa = PBXFileReference; lastKnownFileType = sourcecode.swift; path = SceneDelegate.swift; sourceTree = "<group>"; };
		71440EA0239E3D6D00568A84 /* Base */ = {isa = PBXFileReference; lastKnownFileType = file.storyboard; name = Base; path = Base.lproj/Main.storyboard; sourceTree = "<group>"; };
		71440EA2239E3D6D00568A84 /* Assets.xcassets */ = {isa = PBXFileReference; lastKnownFileType = folder.assetcatalog; path = Assets.xcassets; sourceTree = "<group>"; };
		71440EA5239E3D6D00568A84 /* Base */ = {isa = PBXFileReference; lastKnownFileType = file.storyboard; name = Base; path = Base.lproj/LaunchScreen.storyboard; sourceTree = "<group>"; };
		71440EA7239E3D6D00568A84 /* Info.plist */ = {isa = PBXFileReference; lastKnownFileType = text.plist.xml; path = Info.plist; sourceTree = "<group>"; };
		71440EAD239E407600568A84 /* MainViewController.swift */ = {isa = PBXFileReference; lastKnownFileType = sourcecode.swift; path = MainViewController.swift; sourceTree = "<group>"; };
/* End PBXFileReference section */

/* Begin PBXFrameworksBuildPhase section */
		71440E93239E3D6D00568A84 /* Frameworks */ = {
			isa = PBXFrameworksBuildPhase;
			buildActionMask = 2147483647;
			files = (
			);
			runOnlyForDeploymentPostprocessing = 0;
		};
/* End PBXFrameworksBuildPhase section */

/* Begin PBXGroup section */
		71440E8D239E3D6C00568A84 = {
			isa = PBXGroup;
			children = (
				71440E98239E3D6D00568A84 /* Pick Food */,
				71440E97239E3D6D00568A84 /* Products */,
			);
			sourceTree = "<group>";
		};
		71440E97239E3D6D00568A84 /* Products */ = {
			isa = PBXGroup;
			children = (
				71440E96239E3D6D00568A84 /* Pick Food.app */,
			);
			name = Products;
			sourceTree = "<group>";
		};
		71440E98239E3D6D00568A84 /* Pick Food */ = {
			isa = PBXGroup;
			children = (
				71440E99239E3D6D00568A84 /* AppDelegate.swift */,
				71440E9B239E3D6D00568A84 /* SceneDelegate.swift */,
				71440EAD239E407600568A84 /* MainViewController.swift */,
				71440E9F239E3D6D00568A84 /* Main.storyboard */,
				71440EA2239E3D6D00568A84 /* Assets.xcassets */,
				71440EA4239E3D6D00568A84 /* LaunchScreen.storyboard */,
				71440EA7239E3D6D00568A84 /* Info.plist */,
			);
			path = "Pick Food";
			sourceTree = "<group>";
		};
/* End PBXGroup section */

/* Begin PBXNativeTarget section */
		71440E95239E3D6D00568A84 /* Pick Food */ = {
			isa = PBXNativeTarget;
			buildConfigurationList = 71440EAA239E3D6D00568A84 /* Build configuration list for PBXNativeTarget "Pick Food" */;
			buildPhases = (
				71440E92239E3D6D00568A84 /* Sources */,
				71440E93239E3D6D00568A84 /* Frameworks */,
				71440E94239E3D6D00568A84 /* Resources */,
			);
			buildRules = (
			);
			dependencies = (
			);
			name = "Pick Food";
			productName = "Pick Food";
			productReference = 71440E96239E3D6D00568A84 /* Pick Food.app */;
			productType = "com.apple.product-type.application";
		};
/* End PBXNativeTarget section */

/* Begin PBXProject section */
		71440E8E239E3D6C00568A84 /* Project object */ = {
			isa = PBXProject;
			attributes = {
				LastSwiftUpdateCheck = 1120;
				LastUpgradeCheck = 1120;
				ORGANIZATIONNAME = "Yerkebulan Rai";
				TargetAttributes = {
					71440E95239E3D6D00568A84 = {
						CreatedOnToolsVersion = 11.2.1;
					};
				};
			};
			buildConfigurationList = 71440E91239E3D6C00568A84 /* Build configuration list for PBXProject "Pick Food" */;
			compatibilityVersion = "Xcode 9.3";
			developmentRegion = en;
			hasScannedForEncodings = 0;
			knownRegions = (
				en,
				Base,
			);
			mainGroup = 71440E8D239E3D6C00568A84;
			productRefGroup = 71440E97239E3D6D00568A84 /* Products */;
			projectDirPath = "";
			projectRoot = "";
			targets = (
				71440E95239E3D6D00568A84 /* Pick Food */,
			);
		};
/* End PBXProject section */

/* Begin PBXResourcesBuildPhase section */
		71440E94239E3D6D00568A84 /* Resources */ = {
			isa = PBXResourcesBuildPhase;
			buildActionMask = 2147483647;
			files = (
				71440EA6239E3D6D00568A84 /* LaunchScreen.storyboard in Resources */,
				71440EA3239E3D6D00568A84 /* Assets.xcassets in Resources */,
				71440EA1239E3D6D00568A84 /* Main.storyboard in Resources */,
			);
			runOnlyForDeploymentPostprocessing = 0;
		};
/* End PBXResourcesBuildPhase section */

/* Begin PBXSourcesBuildPhase section */
		71440E92239E3D6D00568A84 /* Sources */ = {
			isa = PBXSourcesBuildPhase;
			buildActionMask = 2147483647;
			files = (
				71440E9A239E3D6D00568A84 /* AppDelegate.swift in Sources */,
				71440EAE239E407600568A84 /* MainViewController.swift in Sources */,
				71440E9C239E3D6D00568A84 /* SceneDelegate.swift in Sources */,
			);
			runOnlyForDeploymentPostprocessing = 0;
		};
/* End PBXSourcesBuildPhase section */

/* Begin PBXVariantGroup section */
		71440E9F239E3D6D00568A84 /* Main.storyboard */ = {
			isa = PBXVariantGroup;
			children = (
				71440EA0239E3D6D00568A84 /* Base */,
			);
			name = Main.storyboard;
			sourceTree = "<group>";
		};
		71440EA4239E3D6D00568A84 /* LaunchScreen.storyboard */ = {
			isa = PBXVariantGroup;
			children = (
				71440EA5239E3D6D00568A84 /* Base */,
			);
			name = LaunchScreen.storyboard;
			sourceTree = "<group>";
		};
/* End PBXVariantGroup section */

/* Begin XCBuildConfiguration section */
		71440EA8239E3D6D00568A84 /* Debug */ = {
			isa = XCBuildConfiguration;
			buildSettings = {
				ALWAYS_SEARCH_USER_PATHS = NO;
				CLANG_ANALYZER_NONNULL = YES;
				CLANG_ANALYZER_NUMBER_OBJECT_CONVERSION = YES_AGGRESSIVE;
				CLANG_CXX_LANGUAGE_STANDARD = "gnu++14";
				CLANG_CXX_LIBRARY = "libc++";
				CLANG_ENABLE_MODULES = YES;
				CLANG_ENABLE_OBJC_ARC = YES;
				CLANG_ENABLE_OBJC_WEAK = YES;
				CLANG_WARN_BLOCK_CAPTURE_AUTORELEASING = YES;
				CLANG_WARN_BOOL_CONVERSION = YES;
				CLANG_WARN_COMMA = YES;
				CLANG_WARN_CONSTANT_CONVERSION = YES;
				CLANG_WARN_DEPRECATED_OBJC_IMPLEMENTATIONS = YES;
				CLANG_WARN_DIRECT_OBJC_ISA_USAGE = YES_ERROR;
				CLANG_WARN_DOCUMENTATION_COMMENTS = YES;
				CLANG_WARN_EMPTY_BODY = YES;
				CLANG_WARN_ENUM_CONVERSION = YES;
				CLANG_WARN_INFINITE_RECURSION = YES;
				CLANG_WARN_INT_CONVERSION = YES;
				CLANG_WARN_NON_LITERAL_NULL_CONVERSION = YES;
				CLANG_WARN_OBJC_IMPLICIT_RETAIN_SELF = YES;
				CLANG_WARN_OBJC_LITERAL_CONVERSION = YES;
				CLANG_WARN_OBJC_ROOT_CLASS = YES_ERROR;
				CLANG_WARN_RANGE_LOOP_ANALYSIS = YES;
				CLANG_WARN_STRICT_PROTOTYPES = YES;
				CLANG_WARN_SUSPICIOUS_MOVE = YES;
				CLANG_WARN_UNGUARDED_AVAILABILITY = YES_AGGRESSIVE;
				CLANG_WARN_UNREACHABLE_CODE = YES;
				CLANG_WARN__DUPLICATE_METHOD_MATCH = YES;
				COPY_PHASE_STRIP = NO;
				DEBUG_INFORMATION_FORMAT = dwarf;
				ENABLE_STRICT_OBJC_MSGSEND = YES;
				ENABLE_TESTABILITY = YES;
				GCC_C_LANGUAGE_STANDARD = gnu11;
				GCC_DYNAMIC_NO_PIC = NO;
				GCC_NO_COMMON_BLOCKS = YES;
				GCC_OPTIMIZATION_LEVEL = 0;
				GCC_PREPROCESSOR_DEFINITIONS = (
					"DEBUG=1",
					"$(inherited)",
				);
				GCC_WARN_64_TO_32_BIT_CONVERSION = YES;
				GCC_WARN_ABOUT_RETURN_TYPE = YES_ERROR;
				GCC_WARN_UNDECLARED_SELECTOR = YES;
				GCC_WARN_UNINITIALIZED_AUTOS = YES_AGGRESSIVE;
				GCC_WARN_UNUSED_FUNCTION = YES;
				GCC_WARN_UNUSED_VARIABLE = YES;
				IPHONEOS_DEPLOYMENT_TARGET = 13.2;
				MTL_ENABLE_DEBUG_INFO = INCLUDE_SOURCE;
				MTL_FAST_MATH = YES;
				ONLY_ACTIVE_ARCH = YES;
				SDKROOT = iphoneos;
				SWIFT_ACTIVE_COMPILATION_CONDITIONS = DEBUG;
				SWIFT_OPTIMIZATION_LEVEL = "-Onone";
			};
			name = Debug;
		};
		71440EA9239E3D6D00568A84 /* Release */ = {
			isa = XCBuildConfiguration;
			buildSettings = {
				ALWAYS_SEARCH_USER_PATHS = NO;
				CLANG_ANALYZER_NONNULL = YES;
				CLANG_ANALYZER_NUMBER_OBJECT_CONVERSION = YES_AGGRESSIVE;
				CLANG_CXX_LANGUAGE_STANDARD = "gnu++14";
				CLANG_CXX_LIBRARY = "libc++";
				CLANG_ENABLE_MODULES = YES;
				CLANG_ENABLE_OBJC_ARC = YES;
				CLANG_ENABLE_OBJC_WEAK = YES;
				CLANG_WARN_BLOCK_CAPTURE_AUTORELEASING = YES;
				CLANG_WARN_BOOL_CONVERSION = YES;
				CLANG_WARN_COMMA = YES;
				CLANG_WARN_CONSTANT_CONVERSION = YES;
				CLANG_WARN_DEPRECATED_OBJC_IMPLEMENTATIONS = YES;
				CLANG_WARN_DIRECT_OBJC_ISA_USAGE = YES_ERROR;
				CLANG_WARN_DOCUMENTATION_COMMENTS = YES;
				CLANG_WARN_EMPTY_BODY = YES;
				CLANG_WARN_ENUM_CONVERSION = YES;
				CLANG_WARN_INFINITE_RECURSION = YES;
				CLANG_WARN_INT_CONVERSION = YES;
				CLANG_WARN_NON_LITERAL_NULL_CONVERSION = YES;
				CLANG_WARN_OBJC_IMPLICIT_RETAIN_SELF = YES;
				CLANG_WARN_OBJC_LITERAL_CONVERSION = YES;
				CLANG_WARN_OBJC_ROOT_CLASS = YES_ERROR;
				CLANG_WARN_RANGE_LOOP_ANALYSIS = YES;
				CLANG_WARN_STRICT_PROTOTYPES = YES;
				CLANG_WARN_SUSPICIOUS_MOVE = YES;
				CLANG_WARN_UNGUARDED_AVAILABILITY = YES_AGGRESSIVE;
				CLANG_WARN_UNREACHABLE_CODE = YES;
				CLANG_WARN__DUPLICATE_METHOD_MATCH = YES;
				COPY_PHASE_STRIP = NO;
				DEBUG_INFORMATION_FORMAT = "dwarf-with-dsym";
				ENABLE_NS_ASSERTIONS = NO;
				ENABLE_STRICT_OBJC_MSGSEND = YES;
				GCC_C_LANGUAGE_STANDARD = gnu11;
				GCC_NO_COMMON_BLOCKS = YES;
				GCC_WARN_64_TO_32_BIT_CONVERSION = YES;
				GCC_WARN_ABOUT_RETURN_TYPE = YES_ERROR;
				GCC_WARN_UNDECLARED_SELECTOR = YES;
				GCC_WARN_UNINITIALIZED_AUTOS = YES_AGGRESSIVE;
				GCC_WARN_UNUSED_FUNCTION = YES;
				GCC_WARN_UNUSED_VARIABLE = YES;
				IPHONEOS_DEPLOYMENT_TARGET = 13.2;
				MTL_ENABLE_DEBUG_INFO = NO;
				MTL_FAST_MATH = YES;
				SDKROOT = iphoneos;
				SWIFT_COMPILATION_MODE = wholemodule;
				SWIFT_OPTIMIZATION_LEVEL = "-O";
				VALIDATE_PRODUCT = YES;
			};
			name = Release;
		};
		71440EAB239E3D6D00568A84 /* Debug */ = {
			isa = XCBuildConfiguration;
			buildSettings = {
				ASSETCATALOG_COMPILER_APPICON_NAME = AppIcon;
				CODE_SIGN_STYLE = Automatic;
				DEVELOPMENT_TEAM = YR6WQ2KE9J;
				INFOPLIST_FILE = "Pick Food/Info.plist";
				LD_RUNPATH_SEARCH_PATHS = (
					"$(inherited)",
					"@executable_path/Frameworks",
				);
				PRODUCT_BUNDLE_IDENTIFIER = "Ray.Pick-Food";
				PRODUCT_NAME = "$(TARGET_NAME)";
				SWIFT_VERSION = 5.0;
				TARGETED_DEVICE_FAMILY = "1,2";
			};
			name = Debug;
		};
		71440EAC239E3D6D00568A84 /* Release */ = {
			isa = XCBuildConfiguration;
			buildSettings = {
				ASSETCATALOG_COMPILER_APPICON_NAME = AppIcon;
				CODE_SIGN_STYLE = Automatic;
				DEVELOPMENT_TEAM = YR6WQ2KE9J;
				INFOPLIST_FILE = "Pick Food/Info.plist";
				LD_RUNPATH_SEARCH_PATHS = (
					"$(inherited)",
					"@executable_path/Frameworks",
				);
				PRODUCT_BUNDLE_IDENTIFIER = "Ray.Pick-Food";
				PRODUCT_NAME = "$(TARGET_NAME)";
				SWIFT_VERSION = 5.0;
				TARGETED_DEVICE_FAMILY = "1,2";
			};
			name = Release;
		};
/* End XCBuildConfiguration section */

/* Begin XCConfigurationList section */
		71440E91239E3D6C00568A84 /* Build configuration list for PBXProject "Pick Food" */ = {
			isa = XCConfigurationList;
			buildConfigurations = (
				71440EA8239E3D6D00568A84 /* Debug */,
				71440EA9239E3D6D00568A84 /* Release */,
			);
			defaultConfigurationIsVisible = 0;
			defaultConfigurationName = Release;
		};
		71440EAA239E3D6D00568A84 /* Build configuration list for PBXNativeTarget "Pick Food" */ = {
			isa = XCConfigurationList;
			buildConfigurations = (
				71440EAB239E3D6D00568A84 /* Debug */,
				71440EAC239E3D6D00568A84 /* Release */,
			);
			defaultConfigurationIsVisible = 0;
			defaultConfigurationName = Release;
		};
/* End XCConfigurationList section */
	};
	rootObject = 71440E8E239E3D6C00568A84 /* Project object */;
}
